Microsoft Visual Studio Solution File, Format Version 10.00
# Visual Studio Codename Orcas
Project("{2150E333-8FDC-42A3-9474-1A3956D46DE8}") = "Common", "Common", "{5ECA136A-701B-4564-8012-109384F41FE0}"
	ProjectSection(SolutionItems) = preProject
		Common\AssemblyInfo.Common.cs = Common\AssemblyInfo.Common.cs
		xacc\xacc.key = xacc\xacc.key
	EndProjectSection
	ProjectSection(FolderStartupServices) = postProject
		{B4F97281-0DBD-4835-9ED8-7DFB966E87FF} = {B4F97281-0DBD-4835-9ED8-7DFB966E87FF}
	EndProjectSection
EndProject
Project("{FAE04EC0-301F-11D3-BF4B-00C04F79EFBC}") = "xacc", "xacc\xacc.csproj", "{A532434D-67C8-4C19-B8EC-A4AF728382F6}"
	ProjectSection(ProjectDependencies) = postProject
		{206ACA7A-847B-4118-A02F-1AC72CF70F28} = {206ACA7A-847B-4118-A02F-1AC72CF70F28}
		{827282D8-3E75-4545-A5E4-2406F0D3E184} = {827282D8-3E75-4545-A5E4-2406F0D3E184}
		{8C6C4ADF-9E92-4B8F-9186-69E8F8C0BE4F} = {8C6C4ADF-9E92-4B8F-9186-69E8F8C0BE4F}
	EndProjectSection
EndProject
Project("{FAE04EC0-301F-11D3-BF4B-00C04F79EFBC}") = "xacc.ide", "xacc.ide\xacc.ide.csproj", "{D986C841-3A7A-44A4-BDEF-F9271A00AA84}"
	ProjectSection(ProjectDependencies) = postProject
		{E73BB233-D88B-44A7-A98F-D71EE158381D} = {E73BB233-D88B-44A7-A98F-D71EE158381D}
		{206ACA7A-847B-4118-A02F-1AC72CF70F28} = {206ACA7A-847B-4118-A02F-1AC72CF70F28}
		{CB7CC882-ED47-46C0-AAAE-7A437F22F1C6} = {CB7CC882-ED47-46C0-AAAE-7A437F22F1C6}
		{7B52808C-0A81-4562-9F1F-90DF84E10758} = {7B52808C-0A81-4562-9F1F-90DF84E10758}
		{419E259F-E9C0-4E01-BA19-709FE84DEAD5} = {419E259F-E9C0-4E01-BA19-709FE84DEAD5}
		{7622C8C0-2378-40E3-A21F-68FEFDDEE655} = {7622C8C0-2378-40E3-A21F-68FEFDDEE655}
		{C75532C4-765B-418E-B09B-46D36B2ABDB1} = {C75532C4-765B-418E-B09B-46D36B2ABDB1}
		{827282D8-3E75-4545-A5E4-2406F0D3E184} = {827282D8-3E75-4545-A5E4-2406F0D3E184}
		{8C6C4ADF-9E92-4B8F-9186-69E8F8C0BE4F} = {8C6C4ADF-9E92-4B8F-9186-69E8F8C0BE4F}
	EndProjectSection
EndProject
Project("{FAE04EC0-301F-11D3-BF4B-00C04F79EFBC}") = "LSharp", "LSharp\LSharp.csproj", "{419E259F-E9C0-4E01-BA19-709FE84DEAD5}"
EndProject
Project("{FAE04EC0-301F-11D3-BF4B-00C04F79EFBC}") = "LSharp.Compiler", "LSharp.Compiler\LSharp.Compiler.csproj", "{206ACA7A-847B-4118-A02F-1AC72CF70F28}"
EndProject
Project("{FAE04EC0-301F-11D3-BF4B-00C04F79EFBC}") = "xacc.lexers.managed", "xacc.lexers.managed\xacc.lexers.managed.csproj", "{CA7874FF-BB3B-4F16-B65C-369B8AC22F84}"
	ProjectSection(ProjectDependencies) = postProject
		{8C6C4ADF-9E92-4B8F-9186-69E8F8C0BE4F} = {8C6C4ADF-9E92-4B8F-9186-69E8F8C0BE4F}
	EndProjectSection
EndProject
Project("{FAE04EC0-301F-11D3-BF4B-00C04F79EFBC}") = "cs_lex", "cs_lex\cs_lex.csproj", "{8C6C4ADF-9E92-4B8F-9186-69E8F8C0BE4F}"
EndProject
Project("{FAE04EC0-301F-11D3-BF4B-00C04F79EFBC}") = "xacc.languagedesigner", "xacc.languagedesigner\xacc.languagedesigner.csproj", "{7B52808C-0A81-4562-9F1F-90DF84E10758}"
EndProject
Project("{FAE04EC0-301F-11D3-BF4B-00C04F79EFBC}") = "xacc.runtime", "xacc.runtime\xacc.runtime.csproj", "{7622C8C0-2378-40E3-A21F-68FEFDDEE655}"
EndProject
Project("{FAE04EC0-301F-11D3-BF4B-00C04F79EFBC}") = "GPPG", "GPPG\GPPG.csproj", "{827282D8-3E75-4545-A5E4-2406F0D3E184}"
EndProject
Project("{FAE04EC0-301F-11D3-BF4B-00C04F79EFBC}") = "antlr.runtime", "antlr.runtime\antlr.runtime.csproj", "{CB7CC882-ED47-46C0-AAAE-7A437F22F1C6}"
EndProject
Project("{FAE04EC0-301F-11D3-BF4B-00C04F79EFBC}") = "WinFormsUI", "WinFormsUI\WinFormsUI.csproj", "{C75532C4-765B-418E-B09B-46D36B2ABDB1}"
EndProject
Project("{FAE04EC0-301F-11D3-BF4B-00C04F79EFBC}") = "Aga.Controls", "Aga.Controls\Aga.Controls.csproj", "{E73BB233-D88B-44A7-A98F-D71EE158381D}"
EndProject
Project("{2150E333-8FDC-42A3-9474-1A3956D46DE8}") = "Old", "Old", "{28CD7895-2610-4FAE-A7AD-54566B001C5C}"
	ProjectSection(FolderStartupServices) = postProject
		{B4F97281-0DBD-4835-9ED8-7DFB966E87FF} = {B4F97281-0DBD-4835-9ED8-7DFB966E87FF}
	EndProjectSection
EndProject
Project("{2150E333-8FDC-42A3-9474-1A3956D46DE8}") = "Dependencies", "Dependencies", "{C74D9EF8-6A52-4689-B742-A687730FE9CF}"
	ProjectSection(FolderStartupServices) = postProject
		{B4F97281-0DBD-4835-9ED8-7DFB966E87FF} = {B4F97281-0DBD-4835-9ED8-7DFB966E87FF}
	EndProjectSection
EndProject
Project("{2150E333-8FDC-42A3-9474-1A3956D46DE8}") = "Tools", "Tools", "{B9D6D5FD-5399-44B5-A653-3AD40CD3F761}"
	ProjectSection(FolderStartupServices) = postProject
		{B4F97281-0DBD-4835-9ED8-7DFB966E87FF} = {B4F97281-0DBD-4835-9ED8-7DFB966E87FF}
	EndProjectSection
EndProject
Project("{2150E333-8FDC-42A3-9474-1A3956D46DE8}") = "Sandbox", "Sandbox", "{DEFF6F75-16D4-417B-BC4B-B7F73AB75E60}"
	ProjectSection(FolderStartupServices) = postProject
		{B4F97281-0DBD-4835-9ED8-7DFB966E87FF} = {B4F97281-0DBD-4835-9ED8-7DFB966E87FF}
	EndProjectSection
EndProject
Global
	GlobalSection(TextTemplating) = postSolution
		TextTemplating = 1
	EndGlobalSection
	GlobalSection(SolutionConfigurationPlatforms) = preSolution
		Debug|Any CPU = Debug|Any CPU
		Release|Any CPU = Release|Any CPU
	EndGlobalSection
	GlobalSection(ProjectConfigurationPlatforms) = postSolution
		{A532434D-67C8-4C19-B8EC-A4AF728382F6}.Debug|Any CPU.ActiveCfg = Debug|Any CPU
		{A532434D-67C8-4C19-B8EC-A4AF728382F6}.Debug|Any CPU.Build.0 = Debug|Any CPU
		{A532434D-67C8-4C19-B8EC-A4AF728382F6}.Release|Any CPU.ActiveCfg = Release|Any CPU
		{A532434D-67C8-4C19-B8EC-A4AF728382F6}.Release|Any CPU.Build.0 = Release|Any CPU
		{D986C841-3A7A-44A4-BDEF-F9271A00AA84}.Debug|Any CPU.ActiveCfg = Debug|Any CPU
		{D986C841-3A7A-44A4-BDEF-F9271A00AA84}.Debug|Any CPU.Build.0 = Debug|Any CPU
		{D986C841-3A7A-44A4-BDEF-F9271A00AA84}.Release|Any CPU.ActiveCfg = Release|Any CPU
		{D986C841-3A7A-44A4-BDEF-F9271A00AA84}.Release|Any CPU.Build.0 = Release|Any CPU
		{419E259F-E9C0-4E01-BA19-709FE84DEAD5}.Debug|Any CPU.ActiveCfg = Debug|Any CPU
		{419E259F-E9C0-4E01-BA19-709FE84DEAD5}.Debug|Any CPU.Build.0 = Debug|Any CPU
		{419E259F-E9C0-4E01-BA19-709FE84DEAD5}.Release|Any CPU.ActiveCfg = Release|Any CPU
		{419E259F-E9C0-4E01-BA19-709FE84DEAD5}.Release|Any CPU.Build.0 = Release|Any CPU
		{206ACA7A-847B-4118-A02F-1AC72CF70F28}.Debug|Any CPU.ActiveCfg = Release|Any CPU
		{206ACA7A-847B-4118-A02F-1AC72CF70F28}.Release|Any CPU.ActiveCfg = Release|Any CPU
		{206ACA7A-847B-4118-A02F-1AC72CF70F28}.Release|Any CPU.Build.0 = Release|Any CPU
		{CA7874FF-BB3B-4F16-B65C-369B8AC22F84}.Debug|Any CPU.ActiveCfg = Debug|Any CPU
		{CA7874FF-BB3B-4F16-B65C-369B8AC22F84}.Debug|Any CPU.Build.0 = Debug|Any CPU
		{CA7874FF-BB3B-4F16-B65C-369B8AC22F84}.Release|Any CPU.ActiveCfg = Release|Any CPU
		{CA7874FF-BB3B-4F16-B65C-369B8AC22F84}.Release|Any CPU.Build.0 = Release|Any CPU
		{8C6C4ADF-9E92-4B8F-9186-69E8F8C0BE4F}.Debug|Any CPU.ActiveCfg = Release|Any CPU
		{8C6C4ADF-9E92-4B8F-9186-69E8F8C0BE4F}.Release|Any CPU.ActiveCfg = Release|Any CPU
		{8C6C4ADF-9E92-4B8F-9186-69E8F8C0BE4F}.Release|Any CPU.Build.0 = Release|Any CPU
		{7B52808C-0A81-4562-9F1F-90DF84E10758}.Debug|Any CPU.ActiveCfg = Debug|Any CPU
		{7B52808C-0A81-4562-9F1F-90DF84E10758}.Release|Any CPU.ActiveCfg = Release|Any CPU
		{7B52808C-0A81-4562-9F1F-90DF84E10758}.Release|Any CPU.Build.0 = Release|Any CPU
		{7622C8C0-2378-40E3-A21F-68FEFDDEE655}.Debug|Any CPU.ActiveCfg = Debug|Any CPU
		{7622C8C0-2378-40E3-A21F-68FEFDDEE655}.Debug|Any CPU.Build.0 = Debug|Any CPU
		{7622C8C0-2378-40E3-A21F-68FEFDDEE655}.Release|Any CPU.ActiveCfg = Release|Any CPU
		{7622C8C0-2378-40E3-A21F-68FEFDDEE655}.Release|Any CPU.Build.0 = Release|Any CPU
		{827282D8-3E75-4545-A5E4-2406F0D3E184}.Debug|Any CPU.ActiveCfg = Debug|Any CPU
		{827282D8-3E75-4545-A5E4-2406F0D3E184}.Debug|Any CPU.Build.0 = Debug|Any CPU
		{827282D8-3E75-4545-A5E4-2406F0D3E184}.Release|Any CPU.ActiveCfg = Release|Any CPU
		{827282D8-3E75-4545-A5E4-2406F0D3E184}.Release|Any CPU.Build.0 = Release|Any CPU
		{CB7CC882-ED47-46C0-AAAE-7A437F22F1C6}.Debug|Any CPU.ActiveCfg = Debug|Any CPU
		{CB7CC882-ED47-46C0-AAAE-7A437F22F1C6}.Release|Any CPU.ActiveCfg = Release|Any CPU
		{CB7CC882-ED47-46C0-AAAE-7A437F22F1C6}.Release|Any CPU.Build.0 = Release|Any CPU
		{C75532C4-765B-418E-B09B-46D36B2ABDB1}.Debug|Any CPU.ActiveCfg = Debug|Any CPU
		{C75532C4-765B-418E-B09B-46D36B2ABDB1}.Debug|Any CPU.Build.0 = Debug|Any CPU
		{C75532C4-765B-418E-B09B-46D36B2ABDB1}.Release|Any CPU.ActiveCfg = Release|Any CPU
		{C75532C4-765B-418E-B09B-46D36B2ABDB1}.Release|Any CPU.Build.0 = Release|Any CPU
		{E73BB233-D88B-44A7-A98F-D71EE158381D}.Debug|Any CPU.ActiveCfg = Debug|Any CPU
		{E73BB233-D88B-44A7-A98F-D71EE158381D}.Debug|Any CPU.Build.0 = Debug|Any CPU
		{E73BB233-D88B-44A7-A98F-D71EE158381D}.Release|Any CPU.ActiveCfg = Release|Any CPU
		{E73BB233-D88B-44A7-A98F-D71EE158381D}.Release|Any CPU.Build.0 = Release|Any CPU
	EndGlobalSection
	GlobalSection(SolutionProperties) = preSolution
		HideSolutionNode = FALSE
	EndGlobalSection
	GlobalSection(NestedProjects) = preSolution
		{C75532C4-765B-418E-B09B-46D36B2ABDB1} = {C74D9EF8-6A52-4689-B742-A687730FE9CF}
		{E73BB233-D88B-44A7-A98F-D71EE158381D} = {C74D9EF8-6A52-4689-B742-A687730FE9CF}
		{419E259F-E9C0-4E01-BA19-709FE84DEAD5} = {C74D9EF8-6A52-4689-B742-A687730FE9CF}
		{8C6C4ADF-9E92-4B8F-9186-69E8F8C0BE4F} = {B9D6D5FD-5399-44B5-A653-3AD40CD3F761}
		{827282D8-3E75-4545-A5E4-2406F0D3E184} = {B9D6D5FD-5399-44B5-A653-3AD40CD3F761}
		{206ACA7A-847B-4118-A02F-1AC72CF70F28} = {B9D6D5FD-5399-44B5-A653-3AD40CD3F761}
		{7B52808C-0A81-4562-9F1F-90DF84E10758} = {28CD7895-2610-4FAE-A7AD-54566B001C5C}
		{CB7CC882-ED47-46C0-AAAE-7A437F22F1C6} = {DEFF6F75-16D4-417B-BC4B-B7F73AB75E60}
	EndGlobalSection
EndGlobal
